
Microsoft Visual Studio Solution File, Format Version 12.00
# Visual Studio 15
Project("{FAE04EC0-301F-11D3-BF4B-00C04F79EFBC}") = "Assembly-CSharp", "Assembly-CSharp.csproj", "{776C60E6-8AD9-D28F-927D-893BBDE93A4E}"
EndProject
Project("{FAE04EC0-301F-11D3-BF4B-00C04F79EFBC}") = "Unity.2D.Tilemap.Extras", "Unity.2D.Tilemap.Extras.csproj", "{7936AAB8-1D27-3897-A387-541F13918A4F}"
EndProject
Project("{FAE04EC0-301F-11D3-BF4B-00C04F79EFBC}") = "Unity.2D.Tilemap.Extras.Editor", "Unity.2D.Tilemap.Extras.Editor.csproj", "{ED9103C5-86CF-4423-56F0-9BB9FAC523C7}"
EndProject
Project("{FAE04EC0-301F-11D3-BF4B-00C04F79EFBC}") = "Unity.2D.Tilemap.Extras.Placeholder.EditorTests", "Unity.2D.Tilemap.Extras.Placeholder.EditorTests.csproj", "{7E292E70-598A-CEEE-C348-F7DBE2B6506A}"
EndProject
Global
	GlobalSection(SolutionConfigurationPlatforms) = preSolution
		Debug|Any CPU = Debug|Any CPU
		Release|Any CPU = Release|Any CPU
	EndGlobalSection
	GlobalSection(ProjectConfigurationPlatforms) = postSolution
		{776C60E6-8AD9-D28F-927D-893BBDE93A4E}.Debug|Any CPU.ActiveCfg = Debug|Any CPU
		{776C60E6-8AD9-D28F-927D-893BBDE93A4E}.Debug|Any CPU.Build.0 = Debug|Any CPU
		{776C60E6-8AD9-D28F-927D-893BBDE93A4E}.Release|Any CPU.ActiveCfg = Release|Any CPU
		{776C60E6-8AD9-D28F-927D-893BBDE93A4E}.Release|Any CPU.Build.0 = Release|Any CPU
		{7936AAB8-1D27-3897-A387-541F13918A4F}.Debug|Any CPU.ActiveCfg = Debug|Any CPU
		{7936AAB8-1D27-3897-A387-541F13918A4F}.Debug|Any CPU.Build.0 = Debug|Any CPU
		{7936AAB8-1D27-3897-A387-541F13918A4F}.Release|Any CPU.ActiveCfg = Release|Any CPU
		{7936AAB8-1D27-3897-A387-541F13918A4F}.Release|Any CPU.Build.0 = Release|Any CPU
		{ED9103C5-86CF-4423-56F0-9BB9FAC523C7}.Debug|Any CPU.ActiveCfg = Debug|Any CPU
		{ED9103C5-86CF-4423-56F0-9BB9FAC523C7}.Debug|Any CPU.Build.0 = Debug|Any CPU
		{ED9103C5-86CF-4423-56F0-9BB9FAC523C7}.Release|Any CPU.ActiveCfg = Release|Any CPU
		{ED9103C5-86CF-4423-56F0-9BB9FAC523C7}.Release|Any CPU.Build.0 = Release|Any CPU
		{7E292E70-598A-CEEE-C348-F7DBE2B6506A}.Debug|Any CPU.ActiveCfg = Debug|Any CPU
		{7E292E70-598A-CEEE-C348-F7DBE2B6506A}.Debug|Any CPU.Build.0 = Debug|Any CPU
		{7E292E70-598A-CEEE-C348-F7DBE2B6506A}.Release|Any CPU.ActiveCfg = Release|Any CPU
		{7E292E70-598A-CEEE-C348-F7DBE2B6506A}.Release|Any CPU.Build.0 = Release|Any CPU
	EndGlobalSection
	GlobalSection(SolutionProperties) = preSolution
		HideSolutionNode = FALSE
	EndGlobalSection
EndGlobal
